
Microsoft Visual Studio Solution File, Format Version 12.00
# Visual Studio 14
VisualStudioVersion = 14.0.25123.0
MinimumVisualStudioVersion = 10.0.40219.1
Project("{FAE04EC0-301F-11D3-BF4B-00C04F79EFBC}") = "UlteriusPluginBase", "UlteriusPluginBase\UlteriusPluginBase.csproj", "{DC2D91FE-D7AB-495F-A7A5-6FE8B4757B95}"
EndProject
Project("{FAE04EC0-301F-11D3-BF4B-00C04F79EFBC}") = "ExamplePlugin", "ExamplePlugin\ExamplePlugin.csproj", "{663EEAEB-CAE3-42BB-B803-6E662DD32BCF}"
EndProject
Global
	GlobalSection(SolutionConfigurationPlatforms) = preSolution
		Debug|Any CPU = Debug|Any CPU
		Release|Any CPU = Release|Any CPU
	EndGlobalSection
	GlobalSection(ProjectConfigurationPlatforms) = postSolution
		{DC2D91FE-D7AB-495F-A7A5-6FE8B4757B95}.Debug|Any CPU.ActiveCfg = Debug|Any CPU
		{DC2D91FE-D7AB-495F-A7A5-6FE8B4757B95}.Debug|Any CPU.Build.0 = Debug|Any CPU
		{DC2D91FE-D7AB-495F-A7A5-6FE8B4757B95}.Release|Any CPU.ActiveCfg = Release|Any CPU
		{DC2D91FE-D7AB-495F-A7A5-6FE8B4757B95}.Release|Any CPU.Build.0 = Release|Any CPU
		{663EEAEB-CAE3-42BB-B803-6E662DD32BCF}.Debug|Any CPU.ActiveCfg = Debug|Any CPU
		{663EEAEB-CAE3-42BB-B803-6E662DD32BCF}.Debug|Any CPU.Build.0 = Debug|Any CPU
		{663EEAEB-CAE3-42BB-B803-6E662DD32BCF}.Release|Any CPU.ActiveCfg = Release|Any CPU
		{663EEAEB-CAE3-42BB-B803-6E662DD32BCF}.Release|Any CPU.Build.0 = Release|Any CPU
	EndGlobalSection
	GlobalSection(SolutionProperties) = preSolution
		HideSolutionNode = FALSE
	EndGlobalSection
EndGlobal
